
Microsoft Visual Studio Solution File, Format Version 12.00
# Visual Studio 15
VisualStudioVersion = 15.0.26124.0
MinimumVisualStudioVersion = 15.0.26124.0
Project("{FAE04EC0-301F-11D3-BF4B-00C04F79EFBC}") = "API", "API\API.csproj", "{1E7171DF-683E-4723-9E8A-EF77C95E32E2}"
EndProject
Project("{FAE04EC0-301F-11D3-BF4B-00C04F79EFBC}") = "Core", "Core\Core.csproj", "{E38D2297-E636-4676-AF35-FD4CDB245958}"
EndProject
Project("{FAE04EC0-301F-11D3-BF4B-00C04F79EFBC}") = "Infrastructure", "Infrastructure\Infrastructure.csproj", "{D75E978F-7041-4D8C-999B-C21747998B6D}"
EndProject
Global
	GlobalSection(SolutionConfigurationPlatforms) = preSolution
		Debug|Any CPU = Debug|Any CPU
		Debug|x64 = Debug|x64
		Debug|x86 = Debug|x86
		Release|Any CPU = Release|Any CPU
		Release|x64 = Release|x64
		Release|x86 = Release|x86
	EndGlobalSection
	GlobalSection(SolutionProperties) = preSolution
		HideSolutionNode = FALSE
	EndGlobalSection
	GlobalSection(ProjectConfigurationPlatforms) = postSolution
		{1E7171DF-683E-4723-9E8A-EF77C95E32E2}.Debug|Any CPU.ActiveCfg = Debug|Any CPU
		{1E7171DF-683E-4723-9E8A-EF77C95E32E2}.Debug|Any CPU.Build.0 = Debug|Any CPU
		{1E7171DF-683E-4723-9E8A-EF77C95E32E2}.Debug|x64.ActiveCfg = Debug|Any CPU
		{1E7171DF-683E-4723-9E8A-EF77C95E32E2}.Debug|x64.Build.0 = Debug|Any CPU
		{1E7171DF-683E-4723-9E8A-EF77C95E32E2}.Debug|x86.ActiveCfg = Debug|Any CPU
		{1E7171DF-683E-4723-9E8A-EF77C95E32E2}.Debug|x86.Build.0 = Debug|Any CPU
		{1E7171DF-683E-4723-9E8A-EF77C95E32E2}.Release|Any CPU.ActiveCfg = Release|Any CPU
		{1E7171DF-683E-4723-9E8A-EF77C95E32E2}.Release|Any CPU.Build.0 = Release|Any CPU
		{1E7171DF-683E-4723-9E8A-EF77C95E32E2}.Release|x64.ActiveCfg = Release|Any CPU
		{1E7171DF-683E-4723-9E8A-EF77C95E32E2}.Release|x64.Build.0 = Release|Any CPU
		{1E7171DF-683E-4723-9E8A-EF77C95E32E2}.Release|x86.ActiveCfg = Release|Any CPU
		{1E7171DF-683E-4723-9E8A-EF77C95E32E2}.Release|x86.Build.0 = Release|Any CPU
		{E38D2297-E636-4676-AF35-FD4CDB245958}.Debug|Any CPU.ActiveCfg = Debug|Any CPU
		{E38D2297-E636-4676-AF35-FD4CDB245958}.Debug|Any CPU.Build.0 = Debug|Any CPU
		{E38D2297-E636-4676-AF35-FD4CDB245958}.Debug|x64.ActiveCfg = Debug|Any CPU
		{E38D2297-E636-4676-AF35-FD4CDB245958}.Debug|x64.Build.0 = Debug|Any CPU
		{E38D2297-E636-4676-AF35-FD4CDB245958}.Debug|x86.ActiveCfg = Debug|Any CPU
		{E38D2297-E636-4676-AF35-FD4CDB245958}.Debug|x86.Build.0 = Debug|Any CPU
		{E38D2297-E636-4676-AF35-FD4CDB245958}.Release|Any CPU.ActiveCfg = Release|Any CPU
		{E38D2297-E636-4676-AF35-FD4CDB245958}.Release|Any CPU.Build.0 = Release|Any CPU
		{E38D2297-E636-4676-AF35-FD4CDB245958}.Release|x64.ActiveCfg = Release|Any CPU
		{E38D2297-E636-4676-AF35-FD4CDB245958}.Release|x64.Build.0 = Release|Any CPU
		{E38D2297-E636-4676-AF35-FD4CDB245958}.Release|x86.ActiveCfg = Release|Any CPU
		{E38D2297-E636-4676-AF35-FD4CDB245958}.Release|x86.Build.0 = Release|Any CPU
		{D75E978F-7041-4D8C-999B-C21747998B6D}.Debug|Any CPU.ActiveCfg = Debug|Any CPU
		{D75E978F-7041-4D8C-999B-C21747998B6D}.Debug|Any CPU.Build.0 = Debug|Any CPU
		{D75E978F-7041-4D8C-999B-C21747998B6D}.Debug|x64.ActiveCfg = Debug|Any CPU
		{D75E978F-7041-4D8C-999B-C21747998B6D}.Debug|x64.Build.0 = Debug|Any CPU
		{D75E978F-7041-4D8C-999B-C21747998B6D}.Debug|x86.ActiveCfg = Debug|Any CPU
		{D75E978F-7041-4D8C-999B-C21747998B6D}.Debug|x86.Build.0 = Debug|Any CPU
		{D75E978F-7041-4D8C-999B-C21747998B6D}.Release|Any CPU.ActiveCfg = Release|Any CPU
		{D75E978F-7041-4D8C-999B-C21747998B6D}.Release|Any CPU.Build.0 = Release|Any CPU
		{D75E978F-7041-4D8C-999B-C21747998B6D}.Release|x64.ActiveCfg = Release|Any CPU
		{D75E978F-7041-4D8C-999B-C21747998B6D}.Release|x64.Build.0 = Release|Any CPU
		{D75E978F-7041-4D8C-999B-C21747998B6D}.Release|x86.ActiveCfg = Release|Any CPU
		{D75E978F-7041-4D8C-999B-C21747998B6D}.Release|x86.Build.0 = Release|Any CPU
	EndGlobalSection
EndGlobal
